
Microsoft Visual Studio Solution File, Format Version 12.00
# Visual Studio Version 17
VisualStudioVersion = 17.2.32616.157
MinimumVisualStudioVersion = 10.0.40219.1
Project("{FAE04EC0-301F-11D3-BF4B-00C04F79EFBC}") = "Certamen1POO", "Certamen1POO\Certamen1POO.csproj", "{1305D904-EFDE-40D5-A662-D6B5C1FE0847}"
EndProject
Project("{FAE04EC0-301F-11D3-BF4B-00C04F79EFBC}") = "EmpresaIPVG", "EmpresaIPVG\EmpresaIPVG.csproj", "{A570AC8D-3741-4DC7-8298-A94B06F27AF1}"
EndProject
Global
	GlobalSection(SolutionConfigurationPlatforms) = preSolution
		Debug|Any CPU = Debug|Any CPU
		Release|Any CPU = Release|Any CPU
	EndGlobalSection
	GlobalSection(ProjectConfigurationPlatforms) = postSolution
		{1305D904-EFDE-40D5-A662-D6B5C1FE0847}.Debug|Any CPU.ActiveCfg = Debug|Any CPU
		{1305D904-EFDE-40D5-A662-D6B5C1FE0847}.Debug|Any CPU.Build.0 = Debug|Any CPU
		{1305D904-EFDE-40D5-A662-D6B5C1FE0847}.Release|Any CPU.ActiveCfg = Release|Any CPU
		{1305D904-EFDE-40D5-A662-D6B5C1FE0847}.Release|Any CPU.Build.0 = Release|Any CPU
		{A570AC8D-3741-4DC7-8298-A94B06F27AF1}.Debug|Any CPU.ActiveCfg = Debug|Any CPU
		{A570AC8D-3741-4DC7-8298-A94B06F27AF1}.Debug|Any CPU.Build.0 = Debug|Any CPU
		{A570AC8D-3741-4DC7-8298-A94B06F27AF1}.Release|Any CPU.ActiveCfg = Release|Any CPU
		{A570AC8D-3741-4DC7-8298-A94B06F27AF1}.Release|Any CPU.Build.0 = Release|Any CPU
	EndGlobalSection
	GlobalSection(SolutionProperties) = preSolution
		HideSolutionNode = FALSE
	EndGlobalSection
	GlobalSection(ExtensibilityGlobals) = postSolution
		SolutionGuid = {03559238-51CE-401E-B1D3-9EF6599F8D27}
	EndGlobalSection
EndGlobal
